// !$*UTF8*$!
{
	archiveVersion = 1;
	classes = {
	};
	objectVersion = 55;
	objects = {

/* Begin PBXBuildFile section */
		3E7928EB287DEA1F00FB10C9 /* Color+CustomColors.swift in Sources */ = {isa = PBXBuildFile; fileRef = 3E7928EA287DEA1F00FB10C9 /* Color+CustomColors.swift */; };
		3E7928ED287DED3300FB10C9 /* UIColor+CustomColors.swift in Sources */ = {isa = PBXBuildFile; fileRef = 3E7928EC287DED3300FB10C9 /* UIColor+CustomColors.swift */; };
		3E7928F0287DF34500FB10C9 /* Mockable.swift in Sources */ = {isa = PBXBuildFile; fileRef = 3E7928EF287DF34500FB10C9 /* Mockable.swift */; };
		3E7928F2287DF39900FB10C9 /* CocktailsServiceMock.swift in Sources */ = {isa = PBXBuildFile; fileRef = 3E7928F1287DF39900FB10C9 /* CocktailsServiceMock.swift */; };
		3E7928F7287DF64600FB10C9 /* cocktails_example.json in Resources */ = {isa = PBXBuildFile; fileRef = 3E7928F6287DF64600FB10C9 /* cocktails_example.json */; };
		3E7928F9287DF74000FB10C9 /* detailed_cocktail_example.json in Resources */ = {isa = PBXBuildFile; fileRef = 3E7928F8287DF74000FB10C9 /* detailed_cocktail_example.json */; };
		3E7928FC287DFE5B00FB10C9 /* ImageCache.swift in Sources */ = {isa = PBXBuildFile; fileRef = 3E7928FB287DFE5B00FB10C9 /* ImageCache.swift */; };
		3E7928FE287DFEBA00FB10C9 /* UIImage+Placeholder.swift in Sources */ = {isa = PBXBuildFile; fileRef = 3E7928FD287DFEBA00FB10C9 /* UIImage+Placeholder.swift */; };
		3E902CF92876CB46006F189E /* AppDelegate.swift in Sources */ = {isa = PBXBuildFile; fileRef = 3E902CF82876CB46006F189E /* AppDelegate.swift */; };
		3E902CFB2876CB46006F189E /* SceneDelegate.swift in Sources */ = {isa = PBXBuildFile; fileRef = 3E902CFA2876CB46006F189E /* SceneDelegate.swift */; };
		3E902D022876CB47006F189E /* Assets.xcassets in Resources */ = {isa = PBXBuildFile; fileRef = 3E902D012876CB47006F189E /* Assets.xcassets */; };
		3E902D052876CB47006F189E /* LaunchScreen.storyboard in Resources */ = {isa = PBXBuildFile; fileRef = 3E902D032876CB47006F189E /* LaunchScreen.storyboard */; };
		3E902D102876CB47006F189E /* CocktailsTests.swift in Sources */ = {isa = PBXBuildFile; fileRef = 3E902D0F2876CB47006F189E /* CocktailsTests.swift */; };
		3E902D1A2876CB47006F189E /* CocktailsUITests.swift in Sources */ = {isa = PBXBuildFile; fileRef = 3E902D192876CB47006F189E /* CocktailsUITests.swift */; };
		3E902D1C2876CB47006F189E /* CocktailsUITestsLaunchTests.swift in Sources */ = {isa = PBXBuildFile; fileRef = 3E902D1B2876CB47006F189E /* CocktailsUITestsLaunchTests.swift */; };
		3E902D292876CCCC006F189E /* CocktailsListVC.swift in Sources */ = {isa = PBXBuildFile; fileRef = 3E902D282876CCCC006F189E /* CocktailsListVC.swift */; };
		3E902D2F2876CD67006F189E /* HTTPMethod.swift in Sources */ = {isa = PBXBuildFile; fileRef = 3E902D2B2876CD67006F189E /* HTTPMethod.swift */; };
		3E902D302876CD67006F189E /* HTTPClient.swift in Sources */ = {isa = PBXBuildFile; fileRef = 3E902D2C2876CD67006F189E /* HTTPClient.swift */; };
		3E902D312876CD67006F189E /* RequestError.swift in Sources */ = {isa = PBXBuildFile; fileRef = 3E902D2D2876CD67006F189E /* RequestError.swift */; };
		3E902D322876CD67006F189E /* Endpoint.swift in Sources */ = {isa = PBXBuildFile; fileRef = 3E902D2E2876CD67006F189E /* Endpoint.swift */; };
		3E902D372876CDD9006F189E /* CocktailsService.swift in Sources */ = {isa = PBXBuildFile; fileRef = 3E902D352876CDD9006F189E /* CocktailsService.swift */; };
		3E902D3A2876CEBA006F189E /* Cocktail.swift in Sources */ = {isa = PBXBuildFile; fileRef = 3E902D392876CEBA006F189E /* Cocktail.swift */; };
		3E902D4028773B43006F189E /* CocktailsEndpoint.swift in Sources */ = {isa = PBXBuildFile; fileRef = 3E902D3F28773B43006F189E /* CocktailsEndpoint.swift */; };
		3E902D4228774883006F189E /* DetailedCocktail.swift in Sources */ = {isa = PBXBuildFile; fileRef = 3E902D4128774883006F189E /* DetailedCocktail.swift */; };
		3E902D4428775628006F189E /* Ingredient.swift in Sources */ = {isa = PBXBuildFile; fileRef = 3E902D4328775628006F189E /* Ingredient.swift */; };
		3E902D4728775A3E006F189E /* CocktailCell.swift in Sources */ = {isa = PBXBuildFile; fileRef = 3E902D4628775A3E006F189E /* CocktailCell.swift */; };
		3EA72A8A287B494D006D5DDB /* ImageLoader.swift in Sources */ = {isa = PBXBuildFile; fileRef = 3EA72A89287B494D006D5DDB /* ImageLoader.swift */; };
		3EA72A8C287B4DD6006D5DDB /* CocktailDetailsView.swift in Sources */ = {isa = PBXBuildFile; fileRef = 3EA72A8B287B4DD6006D5DDB /* CocktailDetailsView.swift */; };
		3EA72A8F287B4DF7006D5DDB /* CocktailDetailsViewModel.swift in Sources */ = {isa = PBXBuildFile; fileRef = 3EA72A8E287B4DF7006D5DDB /* CocktailDetailsViewModel.swift */; };
		3EA72A92287B64FD006D5DDB /* Image+Placeholder.swift in Sources */ = {isa = PBXBuildFile; fileRef = 3EA72A91287B64FD006D5DDB /* Image+Placeholder.swift */; };
		3EA72A99287B8255006D5DDB /* Data+PrintJSON.swift in Sources */ = {isa = PBXBuildFile; fileRef = 3EA72A98287B8255006D5DDB /* Data+PrintJSON.swift */; };
/* End PBXBuildFile section */

/* Begin PBXContainerItemProxy section */
		3E902D0C2876CB47006F189E /* PBXContainerItemProxy */ = {
			isa = PBXContainerItemProxy;
			containerPortal = 3E902CED2876CB46006F189E /* Project object */;
			proxyType = 1;
			remoteGlobalIDString = 3E902CF42876CB46006F189E;
			remoteInfo = Cocktails;
		};
		3E902D162876CB47006F189E /* PBXContainerItemProxy */ = {
			isa = PBXContainerItemProxy;
			containerPortal = 3E902CED2876CB46006F189E /* Project object */;
			proxyType = 1;
			remoteGlobalIDString = 3E902CF42876CB46006F189E;
			remoteInfo = Cocktails;
		};
/* End PBXContainerItemProxy section */

/* Begin PBXFileReference section */
		3E7928EA287DEA1F00FB10C9 /* Color+CustomColors.swift */ = {isa = PBXFileReference; lastKnownFileType = sourcecode.swift; path = "Color+CustomColors.swift"; sourceTree = "<group>"; };
		3E7928EC287DED3300FB10C9 /* UIColor+CustomColors.swift */ = {isa = PBXFileReference; lastKnownFileType = sourcecode.swift; path = "UIColor+CustomColors.swift"; sourceTree = "<group>"; };
		3E7928EF287DF34500FB10C9 /* Mockable.swift */ = {isa = PBXFileReference; lastKnownFileType = sourcecode.swift; path = Mockable.swift; sourceTree = "<group>"; };
		3E7928F1287DF39900FB10C9 /* CocktailsServiceMock.swift */ = {isa = PBXFileReference; lastKnownFileType = sourcecode.swift; path = CocktailsServiceMock.swift; sourceTree = "<group>"; };
		3E7928F6287DF64600FB10C9 /* cocktails_example.json */ = {isa = PBXFileReference; lastKnownFileType = text.json; path = cocktails_example.json; sourceTree = "<group>"; };
		3E7928F8287DF74000FB10C9 /* detailed_cocktail_example.json */ = {isa = PBXFileReference; lastKnownFileType = text.json; path = detailed_cocktail_example.json; sourceTree = "<group>"; };
		3E7928FB287DFE5B00FB10C9 /* ImageCache.swift */ = {isa = PBXFileReference; lastKnownFileType = sourcecode.swift; path = ImageCache.swift; sourceTree = "<group>"; };
		3E7928FD287DFEBA00FB10C9 /* UIImage+Placeholder.swift */ = {isa = PBXFileReference; lastKnownFileType = sourcecode.swift; path = "UIImage+Placeholder.swift"; sourceTree = "<group>"; };
		3E792901287E1EA600FB10C9 /* README.md */ = {isa = PBXFileReference; lastKnownFileType = net.daringfireball.markdown; path = README.md; sourceTree = "<group>"; };
		3E902CF52876CB46006F189E /* Cocktails.app */ = {isa = PBXFileReference; explicitFileType = wrapper.application; includeInIndex = 0; path = Cocktails.app; sourceTree = BUILT_PRODUCTS_DIR; };
		3E902CF82876CB46006F189E /* AppDelegate.swift */ = {isa = PBXFileReference; lastKnownFileType = sourcecode.swift; path = AppDelegate.swift; sourceTree = "<group>"; };
		3E902CFA2876CB46006F189E /* SceneDelegate.swift */ = {isa = PBXFileReference; lastKnownFileType = sourcecode.swift; path = SceneDelegate.swift; sourceTree = "<group>"; };
		3E902D012876CB47006F189E /* Assets.xcassets */ = {isa = PBXFileReference; lastKnownFileType = folder.assetcatalog; path = Assets.xcassets; sourceTree = "<group>"; };
		3E902D042876CB47006F189E /* Base */ = {isa = PBXFileReference; lastKnownFileType = file.storyboard; name = Base; path = Base.lproj/LaunchScreen.storyboard; sourceTree = "<group>"; };
		3E902D062876CB47006F189E /* Info.plist */ = {isa = PBXFileReference; lastKnownFileType = text.plist.xml; path = Info.plist; sourceTree = "<group>"; };
		3E902D0B2876CB47006F189E /* CocktailsTests.xctest */ = {isa = PBXFileReference; explicitFileType = wrapper.cfbundle; includeInIndex = 0; path = CocktailsTests.xctest; sourceTree = BUILT_PRODUCTS_DIR; };
		3E902D0F2876CB47006F189E /* CocktailsTests.swift */ = {isa = PBXFileReference; lastKnownFileType = sourcecode.swift; path = CocktailsTests.swift; sourceTree = "<group>"; };
		3E902D152876CB47006F189E /* CocktailsUITests.xctest */ = {isa = PBXFileReference; explicitFileType = wrapper.cfbundle; includeInIndex = 0; path = CocktailsUITests.xctest; sourceTree = BUILT_PRODUCTS_DIR; };
		3E902D192876CB47006F189E /* CocktailsUITests.swift */ = {isa = PBXFileReference; lastKnownFileType = sourcecode.swift; path = CocktailsUITests.swift; sourceTree = "<group>"; };
		3E902D1B2876CB47006F189E /* CocktailsUITestsLaunchTests.swift */ = {isa = PBXFileReference; lastKnownFileType = sourcecode.swift; path = CocktailsUITestsLaunchTests.swift; sourceTree = "<group>"; };
		3E902D282876CCCC006F189E /* CocktailsListVC.swift */ = {isa = PBXFileReference; lastKnownFileType = sourcecode.swift; path = CocktailsListVC.swift; sourceTree = "<group>"; };
		3E902D2B2876CD67006F189E /* HTTPMethod.swift */ = {isa = PBXFileReference; fileEncoding = 4; lastKnownFileType = sourcecode.swift; path = HTTPMethod.swift; sourceTree = "<group>"; };
		3E902D2C2876CD67006F189E /* HTTPClient.swift */ = {isa = PBXFileReference; fileEncoding = 4; lastKnownFileType = sourcecode.swift; path = HTTPClient.swift; sourceTree = "<group>"; };
		3E902D2D2876CD67006F189E /* RequestError.swift */ = {isa = PBXFileReference; fileEncoding = 4; lastKnownFileType = sourcecode.swift; path = RequestError.swift; sourceTree = "<group>"; };
		3E902D2E2876CD67006F189E /* Endpoint.swift */ = {isa = PBXFileReference; fileEncoding = 4; lastKnownFileType = sourcecode.swift; path = Endpoint.swift; sourceTree = "<group>"; };
		3E902D352876CDD9006F189E /* CocktailsService.swift */ = {isa = PBXFileReference; fileEncoding = 4; lastKnownFileType = sourcecode.swift; path = CocktailsService.swift; sourceTree = "<group>"; };
		3E902D392876CEBA006F189E /* Cocktail.swift */ = {isa = PBXFileReference; lastKnownFileType = sourcecode.swift; path = Cocktail.swift; sourceTree = "<group>"; };
		3E902D3F28773B43006F189E /* CocktailsEndpoint.swift */ = {isa = PBXFileReference; fileEncoding = 4; lastKnownFileType = sourcecode.swift; path = CocktailsEndpoint.swift; sourceTree = "<group>"; };
		3E902D4128774883006F189E /* DetailedCocktail.swift */ = {isa = PBXFileReference; lastKnownFileType = sourcecode.swift; path = DetailedCocktail.swift; sourceTree = "<group>"; };
		3E902D4328775628006F189E /* Ingredient.swift */ = {isa = PBXFileReference; lastKnownFileType = sourcecode.swift; path = Ingredient.swift; sourceTree = "<group>"; };
		3E902D4628775A3E006F189E /* CocktailCell.swift */ = {isa = PBXFileReference; lastKnownFileType = sourcecode.swift; path = CocktailCell.swift; sourceTree = "<group>"; };
		3EA72A89287B494D006D5DDB /* ImageLoader.swift */ = {isa = PBXFileReference; fileEncoding = 4; lastKnownFileType = sourcecode.swift; path = ImageLoader.swift; sourceTree = "<group>"; };
		3EA72A8B287B4DD6006D5DDB /* CocktailDetailsView.swift */ = {isa = PBXFileReference; lastKnownFileType = sourcecode.swift; path = CocktailDetailsView.swift; sourceTree = "<group>"; };
		3EA72A8E287B4DF7006D5DDB /* CocktailDetailsViewModel.swift */ = {isa = PBXFileReference; lastKnownFileType = sourcecode.swift; path = CocktailDetailsViewModel.swift; sourceTree = "<group>"; };
		3EA72A91287B64FD006D5DDB /* Image+Placeholder.swift */ = {isa = PBXFileReference; lastKnownFileType = sourcecode.swift; path = "Image+Placeholder.swift"; sourceTree = "<group>"; };
		3EA72A98287B8255006D5DDB /* Data+PrintJSON.swift */ = {isa = PBXFileReference; fileEncoding = 4; lastKnownFileType = sourcecode.swift; path = "Data+PrintJSON.swift"; sourceTree = "<group>"; };
/* End PBXFileReference section */

/* Begin PBXFrameworksBuildPhase section */
		3E902CF22876CB46006F189E /* Frameworks */ = {
			isa = PBXFrameworksBuildPhase;
			buildActionMask = 2147483647;
			files = (
			);
			runOnlyForDeploymentPostprocessing = 0;
		};
		3E902D082876CB47006F189E /* Frameworks */ = {
			isa = PBXFrameworksBuildPhase;
			buildActionMask = 2147483647;
			files = (
			);
			runOnlyForDeploymentPostprocessing = 0;
		};
		3E902D122876CB47006F189E /* Frameworks */ = {
			isa = PBXFrameworksBuildPhase;
			buildActionMask = 2147483647;
			files = (
			);
			runOnlyForDeploymentPostprocessing = 0;
		};
/* End PBXFrameworksBuildPhase section */

/* Begin PBXGroup section */
		3E7928EE287DF33900FB10C9 /* Mocks */ = {
			isa = PBXGroup;
			children = (
				3E7928EF287DF34500FB10C9 /* Mockable.swift */,
				3E7928F1287DF39900FB10C9 /* CocktailsServiceMock.swift */,
			);
			path = Mocks;
			sourceTree = "<group>";
		};
		3E7928F3287DF58400FB10C9 /* JSON */ = {
			isa = PBXGroup;
			children = (
				3E7928F6287DF64600FB10C9 /* cocktails_example.json */,
				3E7928F8287DF74000FB10C9 /* detailed_cocktail_example.json */,
			);
			path = JSON;
			sourceTree = "<group>";
		};
		3E902CEC2876CB46006F189E = {
			isa = PBXGroup;
			children = (
				3E792901287E1EA600FB10C9 /* README.md */,
				3E902CF72876CB46006F189E /* Cocktails */,
				3E902D0E2876CB47006F189E /* CocktailsTests */,
				3E902D182876CB47006F189E /* CocktailsUITests */,
				3E902CF62876CB46006F189E /* Products */,
			);
			sourceTree = "<group>";
		};
		3E902CF62876CB46006F189E /* Products */ = {
			isa = PBXGroup;
			children = (
				3E902CF52876CB46006F189E /* Cocktails.app */,
				3E902D0B2876CB47006F189E /* CocktailsTests.xctest */,
				3E902D152876CB47006F189E /* CocktailsUITests.xctest */,
			);
			name = Products;
			sourceTree = "<group>";
		};
		3E902CF72876CB46006F189E /* Cocktails */ = {
			isa = PBXGroup;
			children = (
				3EA72A90287B64EC006D5DDB /* Extensions */,
				3E902CF82876CB46006F189E /* AppDelegate.swift */,
				3E902CFA2876CB46006F189E /* SceneDelegate.swift */,
				3E902D332876CD91006F189E /* Network */,
				3E902D3B2876CEEE006F189E /* Models */,
				3E902D3D2876CF04006F189E /* Views */,
				3E902D012876CB47006F189E /* Assets.xcassets */,
				3E902D032876CB47006F189E /* LaunchScreen.storyboard */,
				3E902D062876CB47006F189E /* Info.plist */,
			);
			path = Cocktails;
			sourceTree = "<group>";
		};
		3E902D0E2876CB47006F189E /* CocktailsTests */ = {
			isa = PBXGroup;
			children = (
				3E902D0F2876CB47006F189E /* CocktailsTests.swift */,
				3E7928F3287DF58400FB10C9 /* JSON */,
				3E7928EE287DF33900FB10C9 /* Mocks */,
			);
			path = CocktailsTests;
			sourceTree = "<group>";
		};
		3E902D182876CB47006F189E /* CocktailsUITests */ = {
			isa = PBXGroup;
			children = (
				3E902D192876CB47006F189E /* CocktailsUITests.swift */,
				3E902D1B2876CB47006F189E /* CocktailsUITestsLaunchTests.swift */,
			);
			path = CocktailsUITests;
			sourceTree = "<group>";
		};
		3E902D2A2876CD67006F189E /* Base */ = {
			isa = PBXGroup;
			children = (
				3E902D2B2876CD67006F189E /* HTTPMethod.swift */,
				3E902D2C2876CD67006F189E /* HTTPClient.swift */,
				3E902D2D2876CD67006F189E /* RequestError.swift */,
				3E902D2E2876CD67006F189E /* Endpoint.swift */,
			);
			path = Base;
			sourceTree = "<group>";
		};
		3E902D332876CD91006F189E /* Network */ = {
			isa = PBXGroup;
			children = (
				3EA72A89287B494D006D5DDB /* ImageLoader.swift */,
				3E7928FB287DFE5B00FB10C9 /* ImageCache.swift */,
				3E902D3E28773B37006F189E /* Endpoints */,
				3E902D342876CDD9006F189E /* Services */,
				3E902D2A2876CD67006F189E /* Base */,
			);
			path = Network;
			sourceTree = "<group>";
		};
		3E902D342876CDD9006F189E /* Services */ = {
			isa = PBXGroup;
			children = (
				3E902D352876CDD9006F189E /* CocktailsService.swift */,
			);
			path = Services;
			sourceTree = "<group>";
		};
		3E902D3B2876CEEE006F189E /* Models */ = {
			isa = PBXGroup;
			children = (
				3E902D392876CEBA006F189E /* Cocktail.swift */,
				3E902D4128774883006F189E /* DetailedCocktail.swift */,
				3E902D4328775628006F189E /* Ingredient.swift */,
			);
			path = Models;
			sourceTree = "<group>";
		};
		3E902D3D2876CF04006F189E /* Views */ = {
			isa = PBXGroup;
			children = (
				3EA72A8D287B4DE2006D5DDB /* CocktailDetails */,
				3E902D4528775A1B006F189E /* CocktailsList */,
			);
			path = Views;
			sourceTree = "<group>";
		};
		3E902D3E28773B37006F189E /* Endpoints */ = {
			isa = PBXGroup;
			children = (
				3E902D3F28773B43006F189E /* CocktailsEndpoint.swift */,
			);
			path = Endpoints;
			sourceTree = "<group>";
		};
		3E902D4528775A1B006F189E /* CocktailsList */ = {
			isa = PBXGroup;
			children = (
				3E902D282876CCCC006F189E /* CocktailsListVC.swift */,
				3E902D4628775A3E006F189E /* CocktailCell.swift */,
			);
			path = CocktailsList;
			sourceTree = "<group>";
		};
		3EA72A8D287B4DE2006D5DDB /* CocktailDetails */ = {
			isa = PBXGroup;
			children = (
				3EA72A8B287B4DD6006D5DDB /* CocktailDetailsView.swift */,
				3EA72A8E287B4DF7006D5DDB /* CocktailDetailsViewModel.swift */,
			);
			path = CocktailDetails;
			sourceTree = "<group>";
		};
		3EA72A90287B64EC006D5DDB /* Extensions */ = {
			isa = PBXGroup;
			children = (
				3EA72A98287B8255006D5DDB /* Data+PrintJSON.swift */,
				3EA72A91287B64FD006D5DDB /* Image+Placeholder.swift */,
				3E7928FD287DFEBA00FB10C9 /* UIImage+Placeholder.swift */,
				3E7928EA287DEA1F00FB10C9 /* Color+CustomColors.swift */,
				3E7928EC287DED3300FB10C9 /* UIColor+CustomColors.swift */,
			);
			path = Extensions;
			sourceTree = "<group>";
		};
/* End PBXGroup section */

/* Begin PBXNativeTarget section */
		3E902CF42876CB46006F189E /* Cocktails */ = {
			isa = PBXNativeTarget;
			buildConfigurationList = 3E902D1F2876CB47006F189E /* Build configuration list for PBXNativeTarget "Cocktails" */;
			buildPhases = (
				3E902CF12876CB46006F189E /* Sources */,
				3E902CF22876CB46006F189E /* Frameworks */,
				3E902CF32876CB46006F189E /* Resources */,
			);
			buildRules = (
			);
			dependencies = (
			);
			name = Cocktails;
			productName = Cocktails;
			productReference = 3E902CF52876CB46006F189E /* Cocktails.app */;
			productType = "com.apple.product-type.application";
		};
		3E902D0A2876CB47006F189E /* CocktailsTests */ = {
			isa = PBXNativeTarget;
			buildConfigurationList = 3E902D222876CB47006F189E /* Build configuration list for PBXNativeTarget "CocktailsTests" */;
			buildPhases = (
				3E902D072876CB47006F189E /* Sources */,
				3E902D082876CB47006F189E /* Frameworks */,
				3E902D092876CB47006F189E /* Resources */,
			);
			buildRules = (
			);
			dependencies = (
				3E902D0D2876CB47006F189E /* PBXTargetDependency */,
			);
			name = CocktailsTests;
			productName = CocktailsTests;
			productReference = 3E902D0B2876CB47006F189E /* CocktailsTests.xctest */;
			productType = "com.apple.product-type.bundle.unit-test";
		};
		3E902D142876CB47006F189E /* CocktailsUITests */ = {
			isa = PBXNativeTarget;
			buildConfigurationList = 3E902D252876CB47006F189E /* Build configuration list for PBXNativeTarget "CocktailsUITests" */;
			buildPhases = (
				3E902D112876CB47006F189E /* Sources */,
				3E902D122876CB47006F189E /* Frameworks */,
				3E902D132876CB47006F189E /* Resources */,
			);
			buildRules = (
			);
			dependencies = (
				3E902D172876CB47006F189E /* PBXTargetDependency */,
			);
			name = CocktailsUITests;
			productName = CocktailsUITests;
			productReference = 3E902D152876CB47006F189E /* CocktailsUITests.xctest */;
			productType = "com.apple.product-type.bundle.ui-testing";
		};
/* End PBXNativeTarget section */

/* Begin PBXProject section */
		3E902CED2876CB46006F189E /* Project object */ = {
			isa = PBXProject;
			attributes = {
				BuildIndependentTargetsInParallel = 1;
				LastSwiftUpdateCheck = 1330;
				LastUpgradeCheck = 1330;
				TargetAttributes = {
					3E902CF42876CB46006F189E = {
						CreatedOnToolsVersion = 13.3.1;
					};
					3E902D0A2876CB47006F189E = {
						CreatedOnToolsVersion = 13.3.1;
						TestTargetID = 3E902CF42876CB46006F189E;
					};
					3E902D142876CB47006F189E = {
						CreatedOnToolsVersion = 13.3.1;
						TestTargetID = 3E902CF42876CB46006F189E;
					};
				};
			};
			buildConfigurationList = 3E902CF02876CB46006F189E /* Build configuration list for PBXProject "Cocktails" */;
			compatibilityVersion = "Xcode 13.0";
			developmentRegion = en;
			hasScannedForEncodings = 0;
			knownRegions = (
				en,
				Base,
			);
			mainGroup = 3E902CEC2876CB46006F189E;
			productRefGroup = 3E902CF62876CB46006F189E /* Products */;
			projectDirPath = "";
			projectRoot = "";
			targets = (
				3E902CF42876CB46006F189E /* Cocktails */,
				3E902D0A2876CB47006F189E /* CocktailsTests */,
				3E902D142876CB47006F189E /* CocktailsUITests */,
			);
		};
/* End PBXProject section */

/* Begin PBXResourcesBuildPhase section */
		3E902CF32876CB46006F189E /* Resources */ = {
			isa = PBXResourcesBuildPhase;
			buildActionMask = 2147483647;
			files = (
				3E902D052876CB47006F189E /* LaunchScreen.storyboard in Resources */,
				3E902D022876CB47006F189E /* Assets.xcassets in Resources */,
			);
			runOnlyForDeploymentPostprocessing = 0;
		};
		3E902D092876CB47006F189E /* Resources */ = {
			isa = PBXResourcesBuildPhase;
			buildActionMask = 2147483647;
			files = (
				3E7928F7287DF64600FB10C9 /* cocktails_example.json in Resources */,
				3E7928F9287DF74000FB10C9 /* detailed_cocktail_example.json in Resources */,
			);
			runOnlyForDeploymentPostprocessing = 0;
		};
		3E902D132876CB47006F189E /* Resources */ = {
			isa = PBXResourcesBuildPhase;
			buildActionMask = 2147483647;
			files = (
			);
			runOnlyForDeploymentPostprocessing = 0;
		};
/* End PBXResourcesBuildPhase section */

/* Begin PBXSourcesBuildPhase section */
		3E902CF12876CB46006F189E /* Sources */ = {
			isa = PBXSourcesBuildPhase;
			buildActionMask = 2147483647;
			files = (
				3EA72A8A287B494D006D5DDB /* ImageLoader.swift in Sources */,
				3E902D4728775A3E006F189E /* CocktailCell.swift in Sources */,
				3E902D322876CD67006F189E /* Endpoint.swift in Sources */,
				3E902D372876CDD9006F189E /* CocktailsService.swift in Sources */,
				3EA72A92287B64FD006D5DDB /* Image+Placeholder.swift in Sources */,
				3E902D3A2876CEBA006F189E /* Cocktail.swift in Sources */,
				3E7928ED287DED3300FB10C9 /* UIColor+CustomColors.swift in Sources */,
				3EA72A8F287B4DF7006D5DDB /* CocktailDetailsViewModel.swift in Sources */,
				3E902D4228774883006F189E /* DetailedCocktail.swift in Sources */,
				3E902D2F2876CD67006F189E /* HTTPMethod.swift in Sources */,
				3E902D302876CD67006F189E /* HTTPClient.swift in Sources */,
				3EA72A99287B8255006D5DDB /* Data+PrintJSON.swift in Sources */,
				3E7928FC287DFE5B00FB10C9 /* ImageCache.swift in Sources */,
				3E902D312876CD67006F189E /* RequestError.swift in Sources */,
				3E7928EB287DEA1F00FB10C9 /* Color+CustomColors.swift in Sources */,
				3E902CF92876CB46006F189E /* AppDelegate.swift in Sources */,
				3E902D4428775628006F189E /* Ingredient.swift in Sources */,
				3E7928FE287DFEBA00FB10C9 /* UIImage+Placeholder.swift in Sources */,
				3E902D292876CCCC006F189E /* CocktailsListVC.swift in Sources */,
				3E902D4028773B43006F189E /* CocktailsEndpoint.swift in Sources */,
				3E902CFB2876CB46006F189E /* SceneDelegate.swift in Sources */,
				3EA72A8C287B4DD6006D5DDB /* CocktailDetailsView.swift in Sources */,
			);
			runOnlyForDeploymentPostprocessing = 0;
		};
		3E902D072876CB47006F189E /* Sources */ = {
			isa = PBXSourcesBuildPhase;
			buildActionMask = 2147483647;
			files = (
				3E902D102876CB47006F189E /* CocktailsTests.swift in Sources */,
				3E7928F0287DF34500FB10C9 /* Mockable.swift in Sources */,
				3E7928F2287DF39900FB10C9 /* CocktailsServiceMock.swift in Sources */,
			);
			runOnlyForDeploymentPostprocessing = 0;
		};
		3E902D112876CB47006F189E /* Sources */ = {
			isa = PBXSourcesBuildPhase;
			buildActionMask = 2147483647;
			files = (
				3E902D1C2876CB47006F189E /* CocktailsUITestsLaunchTests.swift in Sources */,
				3E902D1A2876CB47006F189E /* CocktailsUITests.swift in Sources */,
			);
			runOnlyForDeploymentPostprocessing = 0;
		};
/* End PBXSourcesBuildPhase section */

/* Begin PBXTargetDependency section */
		3E902D0D2876CB47006F189E /* PBXTargetDependency */ = {
			isa = PBXTargetDependency;
			target = 3E902CF42876CB46006F189E /* Cocktails */;
			targetProxy = 3E902D0C2876CB47006F189E /* PBXContainerItemProxy */;
		};
		3E902D172876CB47006F189E /* PBXTargetDependency */ = {
			isa = PBXTargetDependency;
			target = 3E902CF42876CB46006F189E /* Cocktails */;
			targetProxy = 3E902D162876CB47006F189E /* PBXContainerItemProxy */;
		};
/* End PBXTargetDependency section */

/* Begin PBXVariantGroup section */
		3E902D032876CB47006F189E /* LaunchScreen.storyboard */ = {
			isa = PBXVariantGroup;
			children = (
				3E902D042876CB47006F189E /* Base */,
			);
			name = LaunchScreen.storyboard;
			sourceTree = "<group>";
		};
/* End PBXVariantGroup section */

/* Begin XCBuildConfiguration section */
		3E902D1D2876CB47006F189E /* Debug */ = {
			isa = XCBuildConfiguration;
			buildSettings = {
				ALWAYS_SEARCH_USER_PATHS = NO;
				CLANG_ANALYZER_NONNULL = YES;
				CLANG_ANALYZER_NUMBER_OBJECT_CONVERSION = YES_AGGRESSIVE;
				CLANG_CXX_LANGUAGE_STANDARD = "gnu++17";
				CLANG_ENABLE_MODULES = YES;
				CLANG_ENABLE_OBJC_ARC = YES;
				CLANG_ENABLE_OBJC_WEAK = YES;
				CLANG_WARN_BLOCK_CAPTURE_AUTORELEASING = YES;
				CLANG_WARN_BOOL_CONVERSION = YES;
				CLANG_WARN_COMMA = YES;
				CLANG_WARN_CONSTANT_CONVERSION = YES;
				CLANG_WARN_DEPRECATED_OBJC_IMPLEMENTATIONS = YES;
				CLANG_WARN_DIRECT_OBJC_ISA_USAGE = YES_ERROR;
				CLANG_WARN_DOCUMENTATION_COMMENTS = YES;
				CLANG_WARN_EMPTY_BODY = YES;
				CLANG_WARN_ENUM_CONVERSION = YES;
				CLANG_WARN_INFINITE_RECURSION = YES;
				CLANG_WARN_INT_CONVERSION = YES;
				CLANG_WARN_NON_LITERAL_NULL_CONVERSION = YES;
				CLANG_WARN_OBJC_IMPLICIT_RETAIN_SELF = YES;
				CLANG_WARN_OBJC_LITERAL_CONVERSION = YES;
				CLANG_WARN_OBJC_ROOT_CLASS = YES_ERROR;
				CLANG_WARN_QUOTED_INCLUDE_IN_FRAMEWORK_HEADER = YES;
				CLANG_WARN_RANGE_LOOP_ANALYSIS = YES;
				CLANG_WARN_STRICT_PROTOTYPES = YES;
				CLANG_WARN_SUSPICIOUS_MOVE = YES;
				CLANG_WARN_UNGUARDED_AVAILABILITY = YES_AGGRESSIVE;
				CLANG_WARN_UNREACHABLE_CODE = YES;
				CLANG_WARN__DUPLICATE_METHOD_MATCH = YES;
				COPY_PHASE_STRIP = NO;
				DEBUG_INFORMATION_FORMAT = dwarf;
				ENABLE_STRICT_OBJC_MSGSEND = YES;
				ENABLE_TESTABILITY = YES;
				GCC_C_LANGUAGE_STANDARD = gnu11;
				GCC_DYNAMIC_NO_PIC = NO;
				GCC_NO_COMMON_BLOCKS = YES;
				GCC_OPTIMIZATION_LEVEL = 0;
				GCC_PREPROCESSOR_DEFINITIONS = (
					"DEBUG=1",
					"$(inherited)",
				);
				GCC_WARN_64_TO_32_BIT_CONVERSION = YES;
				GCC_WARN_ABOUT_RETURN_TYPE = YES_ERROR;
				GCC_WARN_UNDECLARED_SELECTOR = YES;
				GCC_WARN_UNINITIALIZED_AUTOS = YES_AGGRESSIVE;
				GCC_WARN_UNUSED_FUNCTION = YES;
				GCC_WARN_UNUSED_VARIABLE = YES;
				IPHONEOS_DEPLOYMENT_TARGET = 15.4;
				MTL_ENABLE_DEBUG_INFO = INCLUDE_SOURCE;
				MTL_FAST_MATH = YES;
				ONLY_ACTIVE_ARCH = YES;
				SDKROOT = iphoneos;
				SWIFT_ACTIVE_COMPILATION_CONDITIONS = DEBUG;
				SWIFT_OPTIMIZATION_LEVEL = "-Onone";
			};
			name = Debug;
		};
		3E902D1E2876CB47006F189E /* Release */ = {
			isa = XCBuildConfiguration;
			buildSettings = {
				ALWAYS_SEARCH_USER_PATHS = NO;
				CLANG_ANALYZER_NONNULL = YES;
				CLANG_ANALYZER_NUMBER_OBJECT_CONVERSION = YES_AGGRESSIVE;
				CLANG_CXX_LANGUAGE_STANDARD = "gnu++17";
				CLANG_ENABLE_MODULES = YES;
				CLANG_ENABLE_OBJC_ARC = YES;
				CLANG_ENABLE_OBJC_WEAK = YES;
				CLANG_WARN_BLOCK_CAPTURE_AUTORELEASING = YES;
				CLANG_WARN_BOOL_CONVERSION = YES;
				CLANG_WARN_COMMA = YES;
				CLANG_WARN_CONSTANT_CONVERSION = YES;
				CLANG_WARN_DEPRECATED_OBJC_IMPLEMENTATIONS = YES;
				CLANG_WARN_DIRECT_OBJC_ISA_USAGE = YES_ERROR;
				CLANG_WARN_DOCUMENTATION_COMMENTS = YES;
				CLANG_WARN_EMPTY_BODY = YES;
				CLANG_WARN_ENUM_CONVERSION = YES;
				CLANG_WARN_INFINITE_RECURSION = YES;
				CLANG_WARN_INT_CONVERSION = YES;
				CLANG_WARN_NON_LITERAL_NULL_CONVERSION = YES;
				CLANG_WARN_OBJC_IMPLICIT_RETAIN_SELF = YES;
				CLANG_WARN_OBJC_LITERAL_CONVERSION = YES;
				CLANG_WARN_OBJC_ROOT_CLASS = YES_ERROR;
				CLANG_WARN_QUOTED_INCLUDE_IN_FRAMEWORK_HEADER = YES;
				CLANG_WARN_RANGE_LOOP_ANALYSIS = YES;
				CLANG_WARN_STRICT_PROTOTYPES = YES;
				CLANG_WARN_SUSPICIOUS_MOVE = YES;
				CLANG_WARN_UNGUARDED_AVAILABILITY = YES_AGGRESSIVE;
				CLANG_WARN_UNREACHABLE_CODE = YES;
				CLANG_WARN__DUPLICATE_METHOD_MATCH = YES;
				COPY_PHASE_STRIP = NO;
				DEBUG_INFORMATION_FORMAT = "dwarf-with-dsym";
				ENABLE_NS_ASSERTIONS = NO;
				ENABLE_STRICT_OBJC_MSGSEND = YES;
				GCC_C_LANGUAGE_STANDARD = gnu11;
				GCC_NO_COMMON_BLOCKS = YES;
				GCC_WARN_64_TO_32_BIT_CONVERSION = YES;
				GCC_WARN_ABOUT_RETURN_TYPE = YES_ERROR;
				GCC_WARN_UNDECLARED_SELECTOR = YES;
				GCC_WARN_UNINITIALIZED_AUTOS = YES_AGGRESSIVE;
				GCC_WARN_UNUSED_FUNCTION = YES;
				GCC_WARN_UNUSED_VARIABLE = YES;
				IPHONEOS_DEPLOYMENT_TARGET = 15.4;
				MTL_ENABLE_DEBUG_INFO = NO;
				MTL_FAST_MATH = YES;
				SDKROOT = iphoneos;
				SWIFT_COMPILATION_MODE = wholemodule;
				SWIFT_OPTIMIZATION_LEVEL = "-O";
				VALIDATE_PRODUCT = YES;
			};
			name = Release;
		};
		3E902D202876CB47006F189E /* Debug */ = {
			isa = XCBuildConfiguration;
			buildSettings = {
				ASSETCATALOG_COMPILER_APPICON_NAME = AppIcon;
				ASSETCATALOG_COMPILER_GLOBAL_ACCENT_COLOR_NAME = AccentColor;
				CODE_SIGN_STYLE = Automatic;
				CURRENT_PROJECT_VERSION = 1;
				DEVELOPMENT_TEAM = 5PNV6G957X;
				GENERATE_INFOPLIST_FILE = YES;
				INFOPLIST_FILE = Cocktails/Info.plist;
				INFOPLIST_KEY_UIApplicationSupportsIndirectInputEvents = YES;
				INFOPLIST_KEY_UILaunchStoryboardName = LaunchScreen;
				INFOPLIST_KEY_UISupportedInterfaceOrientations_iPad = "UIInterfaceOrientationPortrait UIInterfaceOrientationPortraitUpsideDown UIInterfaceOrientationLandscapeLeft UIInterfaceOrientationLandscapeRight";
				INFOPLIST_KEY_UISupportedInterfaceOrientations_iPhone = "UIInterfaceOrientationPortrait UIInterfaceOrientationLandscapeLeft UIInterfaceOrientationLandscapeRight";
				LD_RUNPATH_SEARCH_PATHS = (
					"$(inherited)",
					"@executable_path/Frameworks",
				);
				MARKETING_VERSION = 1.0;
				PRODUCT_BUNDLE_IDENTIFIER = com.joforsell.Cocktails;
				PRODUCT_NAME = "$(TARGET_NAME)";
				SWIFT_EMIT_LOC_STRINGS = YES;
				SWIFT_VERSION = 5.0;
				TARGETED_DEVICE_FAMILY = "1,2";
			};
			name = Debug;
		};
		3E902D212876CB47006F189E /* Release */ = {
			isa = XCBuildConfiguration;
			buildSettings = {
				ASSETCATALOG_COMPILER_APPICON_NAME = AppIcon;
				ASSETCATALOG_COMPILER_GLOBAL_ACCENT_COLOR_NAME = AccentColor;
				CODE_SIGN_STYLE = Automatic;
				CURRENT_PROJECT_VERSION = 1;
				DEVELOPMENT_TEAM = 5PNV6G957X;
				GENERATE_INFOPLIST_FILE = YES;
				INFOPLIST_FILE = Cocktails/Info.plist;
				INFOPLIST_KEY_UIApplicationSupportsIndirectInputEvents = YES;
				INFOPLIST_KEY_UILaunchStoryboardName = LaunchScreen;
				INFOPLIST_KEY_UISupportedInterfaceOrientations_iPad = "UIInterfaceOrientationPortrait UIInterfaceOrientationPortraitUpsideDown UIInterfaceOrientationLandscapeLeft UIInterfaceOrientationLandscapeRight";
				INFOPLIST_KEY_UISupportedInterfaceOrientations_iPhone = "UIInterfaceOrientationPortrait UIInterfaceOrientationLandscapeLeft UIInterfaceOrientationLandscapeRight";
				LD_RUNPATH_SEARCH_PATHS = (
					"$(inherited)",
					"@executable_path/Frameworks",
				);
				MARKETING_VERSION = 1.0;
				PRODUCT_BUNDLE_IDENTIFIER = com.joforsell.Cocktails;
				PRODUCT_NAME = "$(TARGET_NAME)";
				SWIFT_EMIT_LOC_STRINGS = YES;
				SWIFT_VERSION = 5.0;
				TARGETED_DEVICE_FAMILY = "1,2";
			};
			name = Release;
		};
		3E902D232876CB47006F189E /* Debug */ = {
			isa = XCBuildConfiguration;
			buildSettings = {
				ALWAYS_EMBED_SWIFT_STANDARD_LIBRARIES = YES;
				BUNDLE_LOADER = "$(TEST_HOST)";
				CODE_SIGN_STYLE = Automatic;
				CURRENT_PROJECT_VERSION = 1;
				DEVELOPMENT_TEAM = 5PNV6G957X;
				GENERATE_INFOPLIST_FILE = YES;
				IPHONEOS_DEPLOYMENT_TARGET = 15.4;
				MARKETING_VERSION = 1.0;
				PRODUCT_BUNDLE_IDENTIFIER = com.joforsell.CocktailsTests;
				PRODUCT_NAME = "$(TARGET_NAME)";
				SWIFT_EMIT_LOC_STRINGS = NO;
				SWIFT_VERSION = 5.0;
				TARGETED_DEVICE_FAMILY = "1,2";
				TEST_HOST = "$(BUILT_PRODUCTS_DIR)/Cocktails.app/Cocktails";
			};
			name = Debug;
		};
		3E902D242876CB47006F189E /* Release */ = {
			isa = XCBuildConfiguration;
			buildSettings = {
				ALWAYS_EMBED_SWIFT_STANDARD_LIBRARIES = YES;
				BUNDLE_LOADER = "$(TEST_HOST)";
				CODE_SIGN_STYLE = Automatic;
				CURRENT_PROJECT_VERSION = 1;
				DEVELOPMENT_TEAM = 5PNV6G957X;
				GENERATE_INFOPLIST_FILE = YES;
				IPHONEOS_DEPLOYMENT_TARGET = 15.4;
				MARKETING_VERSION = 1.0;
				PRODUCT_BUNDLE_IDENTIFIER = com.joforsell.CocktailsTests;
				PRODUCT_NAME = "$(TARGET_NAME)";
				SWIFT_EMIT_LOC_STRINGS = NO;
				SWIFT_VERSION = 5.0;
				TARGETED_DEVICE_FAMILY = "1,2";
				TEST_HOST = "$(BUILT_PRODUCTS_DIR)/Cocktails.app/Cocktails";
			};
			name = Release;
		};
		3E902D262876CB47006F189E /* Debug */ = {
			isa = XCBuildConfiguration;
			buildSettings = {
				ALWAYS_EMBED_SWIFT_STANDARD_LIBRARIES = YES;
				CODE_SIGN_STYLE = Automatic;
				CURRENT_PROJECT_VERSION = 1;
				DEVELOPMENT_TEAM = 5PNV6G957X;
				GENERATE_INFOPLIST_FILE = YES;
				MARKETING_VERSION = 1.0;
				PRODUCT_BUNDLE_IDENTIFIER = com.joforsell.CocktailsUITests;
				PRODUCT_NAME = "$(TARGET_NAME)";
				SWIFT_EMIT_LOC_STRINGS = NO;
				SWIFT_VERSION = 5.0;
				TARGETED_DEVICE_FAMILY = "1,2";
				TEST_TARGET_NAME = Cocktails;
			};
			name = Debug;
		};
		3E902D272876CB47006F189E /* Release */ = {
			isa = XCBuildConfiguration;
			buildSettings = {
				ALWAYS_EMBED_SWIFT_STANDARD_LIBRARIES = YES;
				CODE_SIGN_STYLE = Automatic;
				CURRENT_PROJECT_VERSION = 1;
				DEVELOPMENT_TEAM = 5PNV6G957X;
				GENERATE_INFOPLIST_FILE = YES;
				MARKETING_VERSION = 1.0;
				PRODUCT_BUNDLE_IDENTIFIER = com.joforsell.CocktailsUITests;
				PRODUCT_NAME = "$(TARGET_NAME)";
				SWIFT_EMIT_LOC_STRINGS = NO;
				SWIFT_VERSION = 5.0;
				TARGETED_DEVICE_FAMILY = "1,2";
				TEST_TARGET_NAME = Cocktails;
			};
			name = Release;
		};
/* End XCBuildConfiguration section */

/* Begin XCConfigurationList section */
		3E902CF02876CB46006F189E /* Build configuration list for PBXProject "Cocktails" */ = {
			isa = XCConfigurationList;
			buildConfigurations = (
				3E902D1D2876CB47006F189E /* Debug */,
				3E902D1E2876CB47006F189E /* Release */,
			);
			defaultConfigurationIsVisible = 0;
			defaultConfigurationName = Release;
		};
		3E902D1F2876CB47006F189E /* Build configuration list for PBXNativeTarget "Cocktails" */ = {
			isa = XCConfigurationList;
			buildConfigurations = (
				3E902D202876CB47006F189E /* Debug */,
				3E902D212876CB47006F189E /* Release */,
			);
			defaultConfigurationIsVisible = 0;
			defaultConfigurationName = Release;
		};
		3E902D222876CB47006F189E /* Build configuration list for PBXNativeTarget "CocktailsTests" */ = {
			isa = XCConfigurationList;
			buildConfigurations = (
				3E902D232876CB47006F189E /* Debug */,
				3E902D242876CB47006F189E /* Release */,
			);
			defaultConfigurationIsVisible = 0;
			defaultConfigurationName = Release;
		};
		3E902D252876CB47006F189E /* Build configuration list for PBXNativeTarget "CocktailsUITests" */ = {
			isa = XCConfigurationList;
			buildConfigurations = (
				3E902D262876CB47006F189E /* Debug */,
				3E902D272876CB47006F189E /* Release */,
			);
			defaultConfigurationIsVisible = 0;
			defaultConfigurationName = Release;
		};
/* End XCConfigurationList section */
	};
	rootObject = 3E902CED2876CB46006F189E /* Project object */;
}
